github.com/google/go-cmp v0.6.0 h1:ofyhxvXcZhMsU5ulbFiLKl/XBFqE1GSq7atu8tAmTRI=
github.com/google/go-cmp v0.6.0/go.mod h1:17dUlkBOakJ0+DkrSSNjCkIjxS6bF9zb3elmeNGIjoY=
github.com/sascha-andres/reuse v0.11.1 h1:PUE2qN9Y/ApagA4VMtzV/klvj5GkwSsEp/LH+k7zTbU=
github.com/sascha-andres/reuse v0.11.1/go.mod h1:Lk827OqHfxvVQNPvJCONQl3Gr1s2y9fn6Tq46BmR9ak=
github.com/sascha-andres/sbrdata/v2 v2.1.2 h1:zXk/k61ZLPmeXpqmMR1S80xW1jVf2a0ZyV+jjbWodzY=
github.com/sascha-andres/sbrdata/v2 v2.1.2/go.mod h1:2TsxoaI3KW2h1CiG9twg9PMmTUbNAwWQNeX7N18e2aU=
golang.org/x/exp v0.0.0-20251219203646-944ab1f22d93 h1:fQsdNF2N+/YewlRZiricy4P1iimyPKZ/xwniHj8Q2a0=
golang.org/x/exp v0.0.0-20251219203646-944ab1f22d93/go.mod h1:EPRbTFwzwjXj9NpYyyrvenVh9Y+GFeEvMNh7Xuz7xgU=
